// !$*UTF8*$!
{
	archiveVersion = 1;
	classes = {
	};
	objectVersion = 46;
	objects = {

/* Begin PBXBuildFile section */
		097A4164ED7FCE1434AFC22D /* libPods-ExperimentTwitter.a in Frameworks */ = {isa = PBXBuildFile; fileRef = 1FBC71A5D56B2ED98ECB2118 /* libPods-ExperimentTwitter.a */; };
		383122141F4FF3F600FFE0DB /* LogInViewController.m in Sources */ = {isa = PBXBuildFile; fileRef = 383122121F4FF3F600FFE0DB /* LogInViewController.m */; };
		383122151F4FF3F600FFE0DB /* LogInViewController.xib in Resources */ = {isa = PBXBuildFile; fileRef = 383122131F4FF3F600FFE0DB /* LogInViewController.xib */; };
		3831221B1F4FF77300FFE0DB /* TwitterClient.m in Sources */ = {isa = PBXBuildFile; fileRef = 3831221A1F4FF77300FFE0DB /* TwitterClient.m */; };
		3831221F1F50126700FFE0DB /* Tweet.m in Sources */ = {isa = PBXBuildFile; fileRef = 3831221E1F50126700FFE0DB /* Tweet.m */; };
		383122221F50127400FFE0DB /* User.m in Sources */ = {isa = PBXBuildFile; fileRef = 383122211F50127400FFE0DB /* User.m */; };
		383122261F50478700FFE0DB /* TweetsViewController.m in Sources */ = {isa = PBXBuildFile; fileRef = 383122241F50478700FFE0DB /* TweetsViewController.m */; };
		383122271F50478700FFE0DB /* TweetsViewController.xib in Resources */ = {isa = PBXBuildFile; fileRef = 383122251F50478700FFE0DB /* TweetsViewController.xib */; };
		3880CBF01F5D31B400BE3C0F /* UserTweetsViewController.m in Sources */ = {isa = PBXBuildFile; fileRef = 3880CBEE1F5D31B400BE3C0F /* UserTweetsViewController.m */; };
		3880CBF11F5D31B400BE3C0F /* UserTweetsViewController.xib in Resources */ = {isa = PBXBuildFile; fileRef = 3880CBEF1F5D31B400BE3C0F /* UserTweetsViewController.xib */; };
		3880CBF51F5D655C00BE3C0F /* UserProfileViewController.m in Sources */ = {isa = PBXBuildFile; fileRef = 3880CBF31F5D655C00BE3C0F /* UserProfileViewController.m */; };
		3880CBF61F5D655C00BE3C0F /* UserProfileViewController.xib in Resources */ = {isa = PBXBuildFile; fileRef = 3880CBF41F5D655C00BE3C0F /* UserProfileViewController.xib */; };
		3880CBF81F5DA0CB00BE3C0F /* CustomTweetCell.xib in Resources */ = {isa = PBXBuildFile; fileRef = 3880CBF71F5DA0CB00BE3C0F /* CustomTweetCell.xib */; };
		38C02F191F4DC6FD005D0A59 /* main.m in Sources */ = {isa = PBXBuildFile; fileRef = 38C02F181F4DC6FD005D0A59 /* main.m */; };
		38C02F1C1F4DC6FD005D0A59 /* AppDelegate.m in Sources */ = {isa = PBXBuildFile; fileRef = 38C02F1B1F4DC6FD005D0A59 /* AppDelegate.m */; };
		38C02F241F4DC6FD005D0A59 /* Assets.xcassets in Resources */ = {isa = PBXBuildFile; fileRef = 38C02F231F4DC6FD005D0A59 /* Assets.xcassets */; };
		38C02F271F4DC6FD005D0A59 /* LaunchScreen.storyboard in Resources */ = {isa = PBXBuildFile; fileRef = 38C02F251F4DC6FD005D0A59 /* LaunchScreen.storyboard */; };
		38C02F321F4DC6FD005D0A59 /* ExperimentTwitterTests.m in Sources */ = {isa = PBXBuildFile; fileRef = 38C02F311F4DC6FD005D0A59 /* ExperimentTwitterTests.m */; };
		38C02F3D1F4DC6FD005D0A59 /* ExperimentTwitterUITests.m in Sources */ = {isa = PBXBuildFile; fileRef = 38C02F3C1F4DC6FD005D0A59 /* ExperimentTwitterUITests.m */; };
		38ED35071F5582E6004FC343 /* CustomTweetCell.m in Sources */ = {isa = PBXBuildFile; fileRef = 38ED35051F5582E6004FC343 /* CustomTweetCell.m */; };
		38ED350E1F55B7D8004FC343 /* TabBarViewController.m in Sources */ = {isa = PBXBuildFile; fileRef = 38ED350D1F55B7D8004FC343 /* TabBarViewController.m */; };
		38ED35171F56F29A004FC343 /* CustomUserCell.m in Sources */ = {isa = PBXBuildFile; fileRef = 38ED35151F56F29A004FC343 /* CustomUserCell.m */; };
		38ED35181F56F29A004FC343 /* CustomUserCell.xib in Resources */ = {isa = PBXBuildFile; fileRef = 38ED35161F56F29A004FC343 /* CustomUserCell.xib */; };
		38ED351F1F56F5DA004FC343 /* FollowersViewController.m in Sources */ = {isa = PBXBuildFile; fileRef = 38ED351D1F56F5DA004FC343 /* FollowersViewController.m */; };
		38ED35201F56F5DA004FC343 /* FollowersViewController.xib in Resources */ = {isa = PBXBuildFile; fileRef = 38ED351E1F56F5DA004FC343 /* FollowersViewController.xib */; };
/* End PBXBuildFile section */

/* Begin PBXContainerItemProxy section */
		38C02F2E1F4DC6FD005D0A59 /* PBXContainerItemProxy */ = {
			isa = PBXContainerItemProxy;
			containerPortal = 38C02F0C1F4DC6FD005D0A59 /* Project object */;
			proxyType = 1;
			remoteGlobalIDString = 38C02F131F4DC6FD005D0A59;
			remoteInfo = ExperimentTwitter;
		};
		38C02F391F4DC6FD005D0A59 /* PBXContainerItemProxy */ = {
			isa = PBXContainerItemProxy;
			containerPortal = 38C02F0C1F4DC6FD005D0A59 /* Project object */;
			proxyType = 1;
			remoteGlobalIDString = 38C02F131F4DC6FD005D0A59;
			remoteInfo = ExperimentTwitter;
		};
/* End PBXContainerItemProxy section */

/* Begin PBXFileReference section */
		1FBC71A5D56B2ED98ECB2118 /* libPods-ExperimentTwitter.a */ = {isa = PBXFileReference; explicitFileType = archive.ar; includeInIndex = 0; path = "libPods-ExperimentTwitter.a"; sourceTree = BUILT_PRODUCTS_DIR; };
		383122111F4FF3F600FFE0DB /* LogInViewController.h */ = {isa = PBXFileReference; fileEncoding = 4; lastKnownFileType = sourcecode.c.h; path = LogInViewController.h; sourceTree = "<group>"; };
		383122121F4FF3F600FFE0DB /* LogInViewController.m */ = {isa = PBXFileReference; fileEncoding = 4; lastKnownFileType = sourcecode.c.objc; path = LogInViewController.m; sourceTree = "<group>"; };
		383122131F4FF3F600FFE0DB /* LogInViewController.xib */ = {isa = PBXFileReference; fileEncoding = 4; lastKnownFileType = file.xib; path = LogInViewController.xib; sourceTree = "<group>"; };
		383122191F4FF77300FFE0DB /* TwitterClient.h */ = {isa = PBXFileReference; fileEncoding = 4; lastKnownFileType = sourcecode.c.h; path = TwitterClient.h; sourceTree = "<group>"; };
		3831221A1F4FF77300FFE0DB /* TwitterClient.m */ = {isa = PBXFileReference; fileEncoding = 4; lastKnownFileType = sourcecode.c.objc; path = TwitterClient.m; sourceTree = "<group>"; };
		3831221D1F50126700FFE0DB /* Tweet.h */ = {isa = PBXFileReference; fileEncoding = 4; lastKnownFileType = sourcecode.c.h; path = Tweet.h; sourceTree = "<group>"; };
		3831221E1F50126700FFE0DB /* Tweet.m */ = {isa = PBXFileReference; fileEncoding = 4; lastKnownFileType = sourcecode.c.objc; path = Tweet.m; sourceTree = "<group>"; };
		383122201F50127400FFE0DB /* User.h */ = {isa = PBXFileReference; fileEncoding = 4; lastKnownFileType = sourcecode.c.h; path = User.h; sourceTree = "<group>"; };
		383122211F50127400FFE0DB /* User.m */ = {isa = PBXFileReference; fileEncoding = 4; lastKnownFileType = sourcecode.c.objc; path = User.m; sourceTree = "<group>"; };
		383122231F50478700FFE0DB /* TweetsViewController.h */ = {isa = PBXFileReference; fileEncoding = 4; lastKnownFileType = sourcecode.c.h; path = TweetsViewController.h; sourceTree = "<group>"; };
		383122241F50478700FFE0DB /* TweetsViewController.m */ = {isa = PBXFileReference; fileEncoding = 4; lastKnownFileType = sourcecode.c.objc; path = TweetsViewController.m; sourceTree = "<group>"; };
		383122251F50478700FFE0DB /* TweetsViewController.xib */ = {isa = PBXFileReference; fileEncoding = 4; lastKnownFileType = file.xib; path = TweetsViewController.xib; sourceTree = "<group>"; };
		3880CBED1F5D31B400BE3C0F /* UserTweetsViewController.h */ = {isa = PBXFileReference; fileEncoding = 4; lastKnownFileType = sourcecode.c.h; path = UserTweetsViewController.h; sourceTree = "<group>"; };
		3880CBEE1F5D31B400BE3C0F /* UserTweetsViewController.m */ = {isa = PBXFileReference; fileEncoding = 4; lastKnownFileType = sourcecode.c.objc; path = UserTweetsViewController.m; sourceTree = "<group>"; };
		3880CBEF1F5D31B400BE3C0F /* UserTweetsViewController.xib */ = {isa = PBXFileReference; fileEncoding = 4; lastKnownFileType = file.xib; path = UserTweetsViewController.xib; sourceTree = "<group>"; };
		3880CBF21F5D655C00BE3C0F /* UserProfileViewController.h */ = {isa = PBXFileReference; fileEncoding = 4; lastKnownFileType = sourcecode.c.h; path = UserProfileViewController.h; sourceTree = "<group>"; };
		3880CBF31F5D655C00BE3C0F /* UserProfileViewController.m */ = {isa = PBXFileReference; fileEncoding = 4; lastKnownFileType = sourcecode.c.objc; path = UserProfileViewController.m; sourceTree = "<group>"; };
		3880CBF41F5D655C00BE3C0F /* UserProfileViewController.xib */ = {isa = PBXFileReference; fileEncoding = 4; lastKnownFileType = file.xib; path = UserProfileViewController.xib; sourceTree = "<group>"; };
		3880CBF71F5DA0CB00BE3C0F /* CustomTweetCell.xib */ = {isa = PBXFileReference; fileEncoding = 4; lastKnownFileType = file.xib; name = CustomTweetCell.xib; path = "../../../Backup/ExperimentTwitter copy/ExperimentTwitter/CustomTweetCell.xib"; sourceTree = "<group>"; };
		38C02F141F4DC6FD005D0A59 /* ExperimentTwitter.app */ = {isa = PBXFileReference; explicitFileType = wrapper.application; includeInIndex = 0; path = ExperimentTwitter.app; sourceTree = BUILT_PRODUCTS_DIR; };
		38C02F181F4DC6FD005D0A59 /* main.m */ = {isa = PBXFileReference; lastKnownFileType = sourcecode.c.objc; path = main.m; sourceTree = "<group>"; };
		38C02F1A1F4DC6FD005D0A59 /* AppDelegate.h */ = {isa = PBXFileReference; lastKnownFileType = sourcecode.c.h; path = AppDelegate.h; sourceTree = "<group>"; };
		38C02F1B1F4DC6FD005D0A59 /* AppDelegate.m */ = {isa = PBXFileReference; lastKnownFileType = sourcecode.c.objc; path = AppDelegate.m; sourceTree = "<group>"; };
		38C02F231F4DC6FD005D0A59 /* Assets.xcassets */ = {isa = PBXFileReference; lastKnownFileType = folder.assetcatalog; path = Assets.xcassets; sourceTree = "<group>"; };
		38C02F261F4DC6FD005D0A59 /* Base */ = {isa = PBXFileReference; lastKnownFileType = file.storyboard; name = Base; path = Base.lproj/LaunchScreen.storyboard; sourceTree = "<group>"; };
		38C02F281F4DC6FD005D0A59 /* Info.plist */ = {isa = PBXFileReference; lastKnownFileType = text.plist.xml; path = Info.plist; sourceTree = "<group>"; };
		38C02F2D1F4DC6FD005D0A59 /* ExperimentTwitterTests.xctest */ = {isa = PBXFileReference; explicitFileType = wrapper.cfbundle; includeInIndex = 0; path = ExperimentTwitterTests.xctest; sourceTree = BUILT_PRODUCTS_DIR; };
		38C02F311F4DC6FD005D0A59 /* ExperimentTwitterTests.m */ = {isa = PBXFileReference; lastKnownFileType = sourcecode.c.objc; path = ExperimentTwitterTests.m; sourceTree = "<group>"; };
		38C02F331F4DC6FD005D0A59 /* Info.plist */ = {isa = PBXFileReference; lastKnownFileType = text.plist.xml; path = Info.plist; sourceTree = "<group>"; };
		38C02F381F4DC6FD005D0A59 /* ExperimentTwitterUITests.xctest */ = {isa = PBXFileReference; explicitFileType = wrapper.cfbundle; includeInIndex = 0; path = ExperimentTwitterUITests.xctest; sourceTree = BUILT_PRODUCTS_DIR; };
		38C02F3C1F4DC6FD005D0A59 /* ExperimentTwitterUITests.m */ = {isa = PBXFileReference; lastKnownFileType = sourcecode.c.objc; path = ExperimentTwitterUITests.m; sourceTree = "<group>"; };
		38C02F3E1F4DC6FD005D0A59 /* Info.plist */ = {isa = PBXFileReference; lastKnownFileType = text.plist.xml; path = Info.plist; sourceTree = "<group>"; };
		38ED35041F5582E6004FC343 /* CustomTweetCell.h */ = {isa = PBXFileReference; fileEncoding = 4; lastKnownFileType = sourcecode.c.h; path = CustomTweetCell.h; sourceTree = "<group>"; };
		38ED35051F5582E6004FC343 /* CustomTweetCell.m */ = {isa = PBXFileReference; fileEncoding = 4; lastKnownFileType = sourcecode.c.objc; path = CustomTweetCell.m; sourceTree = "<group>"; };
		38ED350C1F55B7D8004FC343 /* TabBarViewController.h */ = {isa = PBXFileReference; fileEncoding = 4; lastKnownFileType = sourcecode.c.h; path = TabBarViewController.h; sourceTree = "<group>"; };
		38ED350D1F55B7D8004FC343 /* TabBarViewController.m */ = {isa = PBXFileReference; fileEncoding = 4; lastKnownFileType = sourcecode.c.objc; path = TabBarViewController.m; sourceTree = "<group>"; };
		38ED35141F56F29A004FC343 /* CustomUserCell.h */ = {isa = PBXFileReference; fileEncoding = 4; lastKnownFileType = sourcecode.c.h; path = CustomUserCell.h; sourceTree = "<group>"; };
		38ED35151F56F29A004FC343 /* CustomUserCell.m */ = {isa = PBXFileReference; fileEncoding = 4; lastKnownFileType = sourcecode.c.objc; path = CustomUserCell.m; sourceTree = "<group>"; };
		38ED35161F56F29A004FC343 /* CustomUserCell.xib */ = {isa = PBXFileReference; fileEncoding = 4; lastKnownFileType = file.xib; path = CustomUserCell.xib; sourceTree = "<group>"; };
		38ED351C1F56F5DA004FC343 /* FollowersViewController.h */ = {isa = PBXFileReference; fileEncoding = 4; lastKnownFileType = sourcecode.c.h; path = FollowersViewController.h; sourceTree = "<group>"; };
		38ED351D1F56F5DA004FC343 /* FollowersViewController.m */ = {isa = PBXFileReference; fileEncoding = 4; lastKnownFileType = sourcecode.c.objc; path = FollowersViewController.m; sourceTree = "<group>"; };
		38ED351E1F56F5DA004FC343 /* FollowersViewController.xib */ = {isa = PBXFileReference; fileEncoding = 4; lastKnownFileType = file.xib; path = FollowersViewController.xib; sourceTree = "<group>"; };
		3FAA6DDDCE221EAAE70D2428 /* Pods-ExperimentTwitter.release.xcconfig */ = {isa = PBXFileReference; includeInIndex = 1; lastKnownFileType = text.xcconfig; name = "Pods-ExperimentTwitter.release.xcconfig"; path = "Pods/Target Support Files/Pods-ExperimentTwitter/Pods-ExperimentTwitter.release.xcconfig"; sourceTree = "<group>"; };
		8FC67A2BF82299F2A025EE94 /* Pods-ExperimentTwitter.debug.xcconfig */ = {isa = PBXFileReference; includeInIndex = 1; lastKnownFileType = text.xcconfig; name = "Pods-ExperimentTwitter.debug.xcconfig"; path = "Pods/Target Support Files/Pods-ExperimentTwitter/Pods-ExperimentTwitter.debug.xcconfig"; sourceTree = "<group>"; };
/* End PBXFileReference section */

/* Begin PBXFrameworksBuildPhase section */
		38C02F111F4DC6FD005D0A59 /* Frameworks */ = {
			isa = PBXFrameworksBuildPhase;
			buildActionMask = 2147483647;
			files = (
				097A4164ED7FCE1434AFC22D /* libPods-ExperimentTwitter.a in Frameworks */,
			);
			runOnlyForDeploymentPostprocessing = 0;
		};
		38C02F2A1F4DC6FD005D0A59 /* Frameworks */ = {
			isa = PBXFrameworksBuildPhase;
			buildActionMask = 2147483647;
			files = (
			);
			runOnlyForDeploymentPostprocessing = 0;
		};
		38C02F351F4DC6FD005D0A59 /* Frameworks */ = {
			isa = PBXFrameworksBuildPhase;
			buildActionMask = 2147483647;
			files = (
			);
			runOnlyForDeploymentPostprocessing = 0;
		};
/* End PBXFrameworksBuildPhase section */

/* Begin PBXGroup section */
		3831221C1F50124F00FFE0DB /* Model */ = {
			isa = PBXGroup;
			children = (
				383122191F4FF77300FFE0DB /* TwitterClient.h */,
				3831221A1F4FF77300FFE0DB /* TwitterClient.m */,
				3831221D1F50126700FFE0DB /* Tweet.h */,
				3831221E1F50126700FFE0DB /* Tweet.m */,
				383122201F50127400FFE0DB /* User.h */,
				383122211F50127400FFE0DB /* User.m */,
			);
			name = Model;
			sourceTree = "<group>";
		};
		38C02F0B1F4DC6FD005D0A59 = {
			isa = PBXGroup;
			children = (
				38C02F161F4DC6FD005D0A59 /* ExperimentTwitter */,
				38C02F301F4DC6FD005D0A59 /* ExperimentTwitterTests */,
				38C02F3B1F4DC6FD005D0A59 /* ExperimentTwitterUITests */,
				38C02F151F4DC6FD005D0A59 /* Products */,
				42FF6B6D3C0026CF36CD3868 /* Pods */,
				84DAA7438EEFEB42DFBF3314 /* Frameworks */,
			);
			sourceTree = "<group>";
		};
		38C02F151F4DC6FD005D0A59 /* Products */ = {
			isa = PBXGroup;
			children = (
				38C02F141F4DC6FD005D0A59 /* ExperimentTwitter.app */,
				38C02F2D1F4DC6FD005D0A59 /* ExperimentTwitterTests.xctest */,
				38C02F381F4DC6FD005D0A59 /* ExperimentTwitterUITests.xctest */,
			);
			name = Products;
			sourceTree = "<group>";
		};
		38C02F161F4DC6FD005D0A59 /* ExperimentTwitter */ = {
			isa = PBXGroup;
			children = (
				38ED350C1F55B7D8004FC343 /* TabBarViewController.h */,
				38ED350D1F55B7D8004FC343 /* TabBarViewController.m */,
				383122231F50478700FFE0DB /* TweetsViewController.h */,
				383122241F50478700FFE0DB /* TweetsViewController.m */,
				383122251F50478700FFE0DB /* TweetsViewController.xib */,
				38ED351C1F56F5DA004FC343 /* FollowersViewController.h */,
				38ED351D1F56F5DA004FC343 /* FollowersViewController.m */,
				38ED351E1F56F5DA004FC343 /* FollowersViewController.xib */,
				383122111F4FF3F600FFE0DB /* LogInViewController.h */,
				383122121F4FF3F600FFE0DB /* LogInViewController.m */,
				383122131F4FF3F600FFE0DB /* LogInViewController.xib */,
				38ED35041F5582E6004FC343 /* CustomTweetCell.h */,
				38ED35051F5582E6004FC343 /* CustomTweetCell.m */,
				3880CBF71F5DA0CB00BE3C0F /* CustomTweetCell.xib */,
				38ED35141F56F29A004FC343 /* CustomUserCell.h */,
				38ED35151F56F29A004FC343 /* CustomUserCell.m */,
				38ED35161F56F29A004FC343 /* CustomUserCell.xib */,
				3880CBED1F5D31B400BE3C0F /* UserTweetsViewController.h */,
				3880CBEE1F5D31B400BE3C0F /* UserTweetsViewController.m */,
				3880CBEF1F5D31B400BE3C0F /* UserTweetsViewController.xib */,
				3880CBF21F5D655C00BE3C0F /* UserProfileViewController.h */,
				3880CBF31F5D655C00BE3C0F /* UserProfileViewController.m */,
				3880CBF41F5D655C00BE3C0F /* UserProfileViewController.xib */,
				3831221C1F50124F00FFE0DB /* Model */,
				38C02F231F4DC6FD005D0A59 /* Assets.xcassets */,
				38C02F251F4DC6FD005D0A59 /* LaunchScreen.storyboard */,
				38C02F281F4DC6FD005D0A59 /* Info.plist */,
				38C02F171F4DC6FD005D0A59 /* Supporting Files */,
			);
			path = ExperimentTwitter;
			sourceTree = "<group>";
		};
		38C02F171F4DC6FD005D0A59 /* Supporting Files */ = {
			isa = PBXGroup;
			children = (
				38C02F1A1F4DC6FD005D0A59 /* AppDelegate.h */,
				38C02F1B1F4DC6FD005D0A59 /* AppDelegate.m */,
				38C02F181F4DC6FD005D0A59 /* main.m */,
			);
			name = "Supporting Files";
			sourceTree = "<group>";
		};
		38C02F301F4DC6FD005D0A59 /* ExperimentTwitterTests */ = {
			isa = PBXGroup;
			children = (
				38C02F311F4DC6FD005D0A59 /* ExperimentTwitterTests.m */,
				38C02F331F4DC6FD005D0A59 /* Info.plist */,
			);
			path = ExperimentTwitterTests;
			sourceTree = "<group>";
		};
		38C02F3B1F4DC6FD005D0A59 /* ExperimentTwitterUITests */ = {
			isa = PBXGroup;
			children = (
				38C02F3C1F4DC6FD005D0A59 /* ExperimentTwitterUITests.m */,
				38C02F3E1F4DC6FD005D0A59 /* Info.plist */,
			);
			path = ExperimentTwitterUITests;
			sourceTree = "<group>";
		};
		42FF6B6D3C0026CF36CD3868 /* Pods */ = {
			isa = PBXGroup;
			children = (
				8FC67A2BF82299F2A025EE94 /* Pods-ExperimentTwitter.debug.xcconfig */,
				3FAA6DDDCE221EAAE70D2428 /* Pods-ExperimentTwitter.release.xcconfig */,
			);
			name = Pods;
			sourceTree = "<group>";
		};
		84DAA7438EEFEB42DFBF3314 /* Frameworks */ = {
			isa = PBXGroup;
			children = (
				1FBC71A5D56B2ED98ECB2118 /* libPods-ExperimentTwitter.a */,
			);
			name = Frameworks;
			sourceTree = "<group>";
		};
/* End PBXGroup section */

/* Begin PBXNativeTarget section */
		38C02F131F4DC6FD005D0A59 /* ExperimentTwitter */ = {
			isa = PBXNativeTarget;
			buildConfigurationList = 38C02F411F4DC6FD005D0A59 /* Build configuration list for PBXNativeTarget "ExperimentTwitter" */;
			buildPhases = (
				48D4D297B1A5441D60BC9A26 /* [CP] Check Pods Manifest.lock */,
				38C02F101F4DC6FD005D0A59 /* Sources */,
				38C02F111F4DC6FD005D0A59 /* Frameworks */,
				38C02F121F4DC6FD005D0A59 /* Resources */,
				9F92F313ECE213267CAD9915 /* [CP] Embed Pods Frameworks */,
				6700EDE7EB0B529A1271837B /* [CP] Copy Pods Resources */,
			);
			buildRules = (
			);
			dependencies = (
			);
			name = ExperimentTwitter;
			productName = ExperimentTwitter;
			productReference = 38C02F141F4DC6FD005D0A59 /* ExperimentTwitter.app */;
			productType = "com.apple.product-type.application";
		};
		38C02F2C1F4DC6FD005D0A59 /* ExperimentTwitterTests */ = {
			isa = PBXNativeTarget;
			buildConfigurationList = 38C02F441F4DC6FD005D0A59 /* Build configuration list for PBXNativeTarget "ExperimentTwitterTests" */;
			buildPhases = (
				38C02F291F4DC6FD005D0A59 /* Sources */,
				38C02F2A1F4DC6FD005D0A59 /* Frameworks */,
				38C02F2B1F4DC6FD005D0A59 /* Resources */,
			);
			buildRules = (
			);
			dependencies = (
				38C02F2F1F4DC6FD005D0A59 /* PBXTargetDependency */,
			);
			name = ExperimentTwitterTests;
			productName = ExperimentTwitterTests;
			productReference = 38C02F2D1F4DC6FD005D0A59 /* ExperimentTwitterTests.xctest */;
			productType = "com.apple.product-type.bundle.unit-test";
		};
		38C02F371F4DC6FD005D0A59 /* ExperimentTwitterUITests */ = {
			isa = PBXNativeTarget;
			buildConfigurationList = 38C02F471F4DC6FD005D0A59 /* Build configuration list for PBXNativeTarget "ExperimentTwitterUITests" */;
			buildPhases = (
				38C02F341F4DC6FD005D0A59 /* Sources */,
				38C02F351F4DC6FD005D0A59 /* Frameworks */,
				38C02F361F4DC6FD005D0A59 /* Resources */,
			);
			buildRules = (
			);
			dependencies = (
				38C02F3A1F4DC6FD005D0A59 /* PBXTargetDependency */,
			);
			name = ExperimentTwitterUITests;
			productName = ExperimentTwitterUITests;
			productReference = 38C02F381F4DC6FD005D0A59 /* ExperimentTwitterUITests.xctest */;
			productType = "com.apple.product-type.bundle.ui-testing";
		};
/* End PBXNativeTarget section */

/* Begin PBXProject section */
		38C02F0C1F4DC6FD005D0A59 /* Project object */ = {
			isa = PBXProject;
			attributes = {
				LastUpgradeCheck = 0830;
				ORGANIZATIONNAME = ayur.j;
				TargetAttributes = {
					38C02F131F4DC6FD005D0A59 = {
						CreatedOnToolsVersion = 8.3.3;
						ProvisioningStyle = Automatic;
					};
					38C02F2C1F4DC6FD005D0A59 = {
						CreatedOnToolsVersion = 8.3.3;
						ProvisioningStyle = Automatic;
						TestTargetID = 38C02F131F4DC6FD005D0A59;
					};
					38C02F371F4DC6FD005D0A59 = {
						CreatedOnToolsVersion = 8.3.3;
						ProvisioningStyle = Automatic;
						TestTargetID = 38C02F131F4DC6FD005D0A59;
					};
				};
			};
			buildConfigurationList = 38C02F0F1F4DC6FD005D0A59 /* Build configuration list for PBXProject "ExperimentTwitter" */;
			compatibilityVersion = "Xcode 3.2";
			developmentRegion = English;
			hasScannedForEncodings = 0;
			knownRegions = (
				en,
				Base,
			);
			mainGroup = 38C02F0B1F4DC6FD005D0A59;
			productRefGroup = 38C02F151F4DC6FD005D0A59 /* Products */;
			projectDirPath = "";
			projectRoot = "";
			targets = (
				38C02F131F4DC6FD005D0A59 /* ExperimentTwitter */,
				38C02F2C1F4DC6FD005D0A59 /* ExperimentTwitterTests */,
				38C02F371F4DC6FD005D0A59 /* ExperimentTwitterUITests */,
			);
		};
/* End PBXProject section */

/* Begin PBXResourcesBuildPhase section */
		38C02F121F4DC6FD005D0A59 /* Resources */ = {
			isa = PBXResourcesBuildPhase;
			buildActionMask = 2147483647;
			files = (
				38ED35201F56F5DA004FC343 /* FollowersViewController.xib in Resources */,
				383122271F50478700FFE0DB /* TweetsViewController.xib in Resources */,
				3880CBF81F5DA0CB00BE3C0F /* CustomTweetCell.xib in Resources */,
				38C02F271F4DC6FD005D0A59 /* LaunchScreen.storyboard in Resources */,
				38ED35181F56F29A004FC343 /* CustomUserCell.xib in Resources */,
				38C02F241F4DC6FD005D0A59 /* Assets.xcassets in Resources */,
				3880CBF61F5D655C00BE3C0F /* UserProfileViewController.xib in Resources */,
				383122151F4FF3F600FFE0DB /* LogInViewController.xib in Resources */,
				3880CBF11F5D31B400BE3C0F /* UserTweetsViewController.xib in Resources */,
			);
			runOnlyForDeploymentPostprocessing = 0;
		};
		38C02F2B1F4DC6FD005D0A59 /* Resources */ = {
			isa = PBXResourcesBuildPhase;
			buildActionMask = 2147483647;
			files = (
			);
			runOnlyForDeploymentPostprocessing = 0;
		};
		38C02F361F4DC6FD005D0A59 /* Resources */ = {
			isa = PBXResourcesBuildPhase;
			buildActionMask = 2147483647;
			files = (
			);
			runOnlyForDeploymentPostprocessing = 0;
		};
/* End PBXResourcesBuildPhase section */

/* Begin PBXShellScriptBuildPhase section */
		48D4D297B1A5441D60BC9A26 /* [CP] Check Pods Manifest.lock */ = {
			isa = PBXShellScriptBuildPhase;
			buildActionMask = 2147483647;
			files = (
			);
			inputPaths = (
				"${PODS_PODFILE_DIR_PATH}/Podfile.lock",
				"${PODS_ROOT}/Manifest.lock",
			);
			name = "[CP] Check Pods Manifest.lock";
			outputPaths = (
				"$(DERIVED_FILE_DIR)/Pods-ExperimentTwitter-checkManifestLockResult.txt",
			);
			runOnlyForDeploymentPostprocessing = 0;
			shellPath = /bin/sh;
			shellScript = "diff \"${PODS_PODFILE_DIR_PATH}/Podfile.lock\" \"${PODS_ROOT}/Manifest.lock\" > /dev/null\nif [ $? != 0 ] ; then\n    # print error to STDERR\n    echo \"error: The sandbox is not in sync with the Podfile.lock. Run 'pod install' or update your CocoaPods installation.\" >&2\n    exit 1\nfi\n# This output is used by Xcode 'outputs' to avoid re-running this script phase.\necho \"SUCCESS\" > \"${SCRIPT_OUTPUT_FILE_0}\"\n";
			showEnvVarsInLog = 0;
		};
		6700EDE7EB0B529A1271837B /* [CP] Copy Pods Resources */ = {
			isa = PBXShellScriptBuildPhase;
			buildActionMask = 2147483647;
			files = (
			);
			inputPaths = (
			);
			name = "[CP] Copy Pods Resources";
			outputPaths = (
			);
			runOnlyForDeploymentPostprocessing = 0;
			shellPath = /bin/sh;
			shellScript = "\"${SRCROOT}/Pods/Target Support Files/Pods-ExperimentTwitter/Pods-ExperimentTwitter-resources.sh\"\n";
			showEnvVarsInLog = 0;
		};
		9F92F313ECE213267CAD9915 /* [CP] Embed Pods Frameworks */ = {
			isa = PBXShellScriptBuildPhase;
			buildActionMask = 2147483647;
			files = (
			);
			inputPaths = (
			);
			name = "[CP] Embed Pods Frameworks";
			outputPaths = (
			);
			runOnlyForDeploymentPostprocessing = 0;
			shellPath = /bin/sh;
			shellScript = "\"${SRCROOT}/Pods/Target Support Files/Pods-ExperimentTwitter/Pods-ExperimentTwitter-frameworks.sh\"\n";
			showEnvVarsInLog = 0;
		};
/* End PBXShellScriptBuildPhase section */

/* Begin PBXSourcesBuildPhase section */
		38C02F101F4DC6FD005D0A59 /* Sources */ = {
			isa = PBXSourcesBuildPhase;
			buildActionMask = 2147483647;
			files = (
				38ED351F1F56F5DA004FC343 /* FollowersViewController.m in Sources */,
				3831221B1F4FF77300FFE0DB /* TwitterClient.m in Sources */,
				38C02F1C1F4DC6FD005D0A59 /* AppDelegate.m in Sources */,
				383122221F50127400FFE0DB /* User.m in Sources */,
				3831221F1F50126700FFE0DB /* Tweet.m in Sources */,
				38ED35171F56F29A004FC343 /* CustomUserCell.m in Sources */,
				38ED35071F5582E6004FC343 /* CustomTweetCell.m in Sources */,
				3880CBF01F5D31B400BE3C0F /* UserTweetsViewController.m in Sources */,
				38C02F191F4DC6FD005D0A59 /* main.m in Sources */,
				383122141F4FF3F600FFE0DB /* LogInViewController.m in Sources */,
				3880CBF51F5D655C00BE3C0F /* UserProfileViewController.m in Sources */,
				38ED350E1F55B7D8004FC343 /* TabBarViewController.m in Sources */,
				383122261F50478700FFE0DB /* TweetsViewController.m in Sources */,
			);
			runOnlyForDeploymentPostprocessing = 0;
		};
		38C02F291F4DC6FD005D0A59 /* Sources */ = {
			isa = PBXSourcesBuildPhase;
			buildActionMask = 2147483647;
			files = (
				38C02F321F4DC6FD005D0A59 /* ExperimentTwitterTests.m in Sources */,
			);
			runOnlyForDeploymentPostprocessing = 0;
		};
		38C02F341F4DC6FD005D0A59 /* Sources */ = {
			isa = PBXSourcesBuildPhase;
			buildActionMask = 2147483647;
			files = (
				38C02F3D1F4DC6FD005D0A59 /* ExperimentTwitterUITests.m in Sources */,
			);
			runOnlyForDeploymentPostprocessing = 0;
		};
/* End PBXSourcesBuildPhase section */

/* Begin PBXTargetDependency section */
		38C02F2F1F4DC6FD005D0A59 /* PBXTargetDependency */ = {
			isa = PBXTargetDependency;
			target = 38C02F131F4DC6FD005D0A59 /* ExperimentTwitter */;
			targetProxy = 38C02F2E1F4DC6FD005D0A59 /* PBXContainerItemProxy */;
		};
		38C02F3A1F4DC6FD005D0A59 /* PBXTargetDependency */ = {
			isa = PBXTargetDependency;
			target = 38C02F131F4DC6FD005D0A59 /* ExperimentTwitter */;
			targetProxy = 38C02F391F4DC6FD005D0A59 /* PBXContainerItemProxy */;
		};
/* End PBXTargetDependency section */

/* Begin PBXVariantGroup section */
		38C02F251F4DC6FD005D0A59 /* LaunchScreen.storyboard */ = {
			isa = PBXVariantGroup;
			children = (
				38C02F261F4DC6FD005D0A59 /* Base */,
			);
			name = LaunchScreen.storyboard;
			sourceTree = "<group>";
		};
/* End PBXVariantGroup section */

/* Begin XCBuildConfiguration section */
		38C02F3F1F4DC6FD005D0A59 /* Debug */ = {
			isa = XCBuildConfiguration;
			buildSettings = {
				ALWAYS_SEARCH_USER_PATHS = NO;
				CLANG_ANALYZER_NONNULL = YES;
				CLANG_ANALYZER_NUMBER_OBJECT_CONVERSION = YES_AGGRESSIVE;
				CLANG_CXX_LANGUAGE_STANDARD = "gnu++0x";
				CLANG_CXX_LIBRARY = "libc++";
				CLANG_ENABLE_MODULES = YES;
				CLANG_ENABLE_OBJC_ARC = YES;
				CLANG_WARN_BOOL_CONVERSION = YES;
				CLANG_WARN_CONSTANT_CONVERSION = YES;
				CLANG_WARN_DIRECT_OBJC_ISA_USAGE = YES_ERROR;
				CLANG_WARN_DOCUMENTATION_COMMENTS = YES;
				CLANG_WARN_EMPTY_BODY = YES;
				CLANG_WARN_ENUM_CONVERSION = YES;
				CLANG_WARN_INFINITE_RECURSION = YES;
				CLANG_WARN_INT_CONVERSION = YES;
				CLANG_WARN_OBJC_ROOT_CLASS = YES_ERROR;
				CLANG_WARN_SUSPICIOUS_MOVE = YES;
				CLANG_WARN_UNREACHABLE_CODE = YES;
				CLANG_WARN__DUPLICATE_METHOD_MATCH = YES;
				"CODE_SIGN_IDENTITY[sdk=iphoneos*]" = "iPhone Developer";
				COPY_PHASE_STRIP = NO;
				DEBUG_INFORMATION_FORMAT = dwarf;
				ENABLE_STRICT_OBJC_MSGSEND = YES;
				ENABLE_TESTABILITY = YES;
				GCC_C_LANGUAGE_STANDARD = gnu99;
				GCC_DYNAMIC_NO_PIC = NO;
				GCC_NO_COMMON_BLOCKS = YES;
				GCC_OPTIMIZATION_LEVEL = 0;
				GCC_PREPROCESSOR_DEFINITIONS = (
					"DEBUG=1",
					"$(inherited)",
				);
				GCC_WARN_64_TO_32_BIT_CONVERSION = YES;
				GCC_WARN_ABOUT_RETURN_TYPE = YES_ERROR;
				GCC_WARN_UNDECLARED_SELECTOR = YES;
				GCC_WARN_UNINITIALIZED_AUTOS = YES_AGGRESSIVE;
				GCC_WARN_UNUSED_FUNCTION = YES;
				GCC_WARN_UNUSED_VARIABLE = YES;
				IPHONEOS_DEPLOYMENT_TARGET = 10.3;
				MTL_ENABLE_DEBUG_INFO = YES;
				ONLY_ACTIVE_ARCH = YES;
				SDKROOT = iphoneos;
			};
			name = Debug;
		};
		38C02F401F4DC6FD005D0A59 /* Release */ = {
			isa = XCBuildConfiguration;
			buildSettings = {
				ALWAYS_SEARCH_USER_PATHS = NO;
				CLANG_ANALYZER_NONNULL = YES;
				CLANG_ANALYZER_NUMBER_OBJECT_CONVERSION = YES_AGGRESSIVE;
				CLANG_CXX_LANGUAGE_STANDARD = "gnu++0x";
				CLANG_CXX_LIBRARY = "libc++";
				CLANG_ENABLE_MODULES = YES;
				CLANG_ENABLE_OBJC_ARC = YES;
				CLANG_WARN_BOOL_CONVERSION = YES;
				CLANG_WARN_CONSTANT_CONVERSION = YES;
				CLANG_WARN_DIRECT_OBJC_ISA_USAGE = YES_ERROR;
				CLANG_WARN_DOCUMENTATION_COMMENTS = YES;
				CLANG_WARN_EMPTY_BODY = YES;
				CLANG_WARN_ENUM_CONVERSION = YES;
				CLANG_WARN_INFINITE_RECURSION = YES;
				CLANG_WARN_INT_CONVERSION = YES;
				CLANG_WARN_OBJC_ROOT_CLASS = YES_ERROR;
				CLANG_WARN_SUSPICIOUS_MOVE = YES;
				CLANG_WARN_UNREACHABLE_CODE = YES;
				CLANG_WARN__DUPLICATE_METHOD_MATCH = YES;
				"CODE_SIGN_IDENTITY[sdk=iphoneos*]" = "iPhone Developer";
				COPY_PHASE_STRIP = NO;
				DEBUG_INFORMATION_FORMAT = "dwarf-with-dsym";
				ENABLE_NS_ASSERTIONS = NO;
				ENABLE_STRICT_OBJC_MSGSEND = YES;
				GCC_C_LANGUAGE_STANDARD = gnu99;
				GCC_NO_COMMON_BLOCKS = YES;
				GCC_WARN_64_TO_32_BIT_CONVERSION = YES;
				GCC_WARN_ABOUT_RETURN_TYPE = YES_ERROR;
				GCC_WARN_UNDECLARED_SELECTOR = YES;
				GCC_WARN_UNINITIALIZED_AUTOS = YES_AGGRESSIVE;
				GCC_WARN_UNUSED_FUNCTION = YES;
				GCC_WARN_UNUSED_VARIABLE = YES;
				IPHONEOS_DEPLOYMENT_TARGET = 10.3;
				MTL_ENABLE_DEBUG_INFO = NO;
				SDKROOT = iphoneos;
				VALIDATE_PRODUCT = YES;
			};
			name = Release;
		};
		38C02F421F4DC6FD005D0A59 /* Debug */ = {
			isa = XCBuildConfiguration;
			baseConfigurationReference = 8FC67A2BF82299F2A025EE94 /* Pods-ExperimentTwitter.debug.xcconfig */;
			buildSettings = {
				ASSETCATALOG_COMPILER_APPICON_NAME = AppIcon;
				INFOPLIST_FILE = ExperimentTwitter/Info.plist;
				LD_RUNPATH_SEARCH_PATHS = "$(inherited) @executable_path/Frameworks";
				PRODUCT_BUNDLE_IDENTIFIER = tutorial.ExperimentTwitter;
				PRODUCT_NAME = "$(TARGET_NAME)";
			};
			name = Debug;
		};
		38C02F431F4DC6FD005D0A59 /* Release */ = {
			isa = XCBuildConfiguration;
			baseConfigurationReference = 3FAA6DDDCE221EAAE70D2428 /* Pods-ExperimentTwitter.release.xcconfig */;
			buildSettings = {
				ASSETCATALOG_COMPILER_APPICON_NAME = AppIcon;
				INFOPLIST_FILE = ExperimentTwitter/Info.plist;
				LD_RUNPATH_SEARCH_PATHS = "$(inherited) @executable_path/Frameworks";
				PRODUCT_BUNDLE_IDENTIFIER = tutorial.ExperimentTwitter;
				PRODUCT_NAME = "$(TARGET_NAME)";
			};
			name = Release;
		};
		38C02F451F4DC6FD005D0A59 /* Debug */ = {
			isa = XCBuildConfiguration;
			buildSettings = {
				BUNDLE_LOADER = "$(TEST_HOST)";
				INFOPLIST_FILE = ExperimentTwitterTests/Info.plist;
				LD_RUNPATH_SEARCH_PATHS = "$(inherited) @executable_path/Frameworks @loader_path/Frameworks";
				PRODUCT_BUNDLE_IDENTIFIER = tutorial.ExperimentTwitterTests;
				PRODUCT_NAME = "$(TARGET_NAME)";
				TEST_HOST = "$(BUILT_PRODUCTS_DIR)/ExperimentTwitter.app/ExperimentTwitter";
			};
			name = Debug;
		};
		38C02F461F4DC6FD005D0A59 /* Release */ = {
			isa = XCBuildConfiguration;
			buildSettings = {
				BUNDLE_LOADER = "$(TEST_HOST)";
				INFOPLIST_FILE = ExperimentTwitterTests/Info.plist;
				LD_RUNPATH_SEARCH_PATHS = "$(inherited) @executable_path/Frameworks @loader_path/Frameworks";
				PRODUCT_BUNDLE_IDENTIFIER = tutorial.ExperimentTwitterTests;
				PRODUCT_NAME = "$(TARGET_NAME)";
				TEST_HOST = "$(BUILT_PRODUCTS_DIR)/ExperimentTwitter.app/ExperimentTwitter";
			};
			name = Release;
		};
		38C02F481F4DC6FD005D0A59 /* Debug */ = {
			isa = XCBuildConfiguration;
			buildSettings = {
				INFOPLIST_FILE = ExperimentTwitterUITests/Info.plist;
				LD_RUNPATH_SEARCH_PATHS = "$(inherited) @executable_path/Frameworks @loader_path/Frameworks";
				PRODUCT_BUNDLE_IDENTIFIER = tutorial.ExperimentTwitterUITests;
				PRODUCT_NAME = "$(TARGET_NAME)";
				TEST_TARGET_NAME = ExperimentTwitter;
			};
			name = Debug;
		};
		38C02F491F4DC6FD005D0A59 /* Release */ = {
			isa = XCBuildConfiguration;
			buildSettings = {
				INFOPLIST_FILE = ExperimentTwitterUITests/Info.plist;
				LD_RUNPATH_SEARCH_PATHS = "$(inherited) @executable_path/Frameworks @loader_path/Frameworks";
				PRODUCT_BUNDLE_IDENTIFIER = tutorial.ExperimentTwitterUITests;
				PRODUCT_NAME = "$(TARGET_NAME)";
				TEST_TARGET_NAME = ExperimentTwitter;
			};
			name = Release;
		};
/* End XCBuildConfiguration section */

/* Begin XCConfigurationList section */
		38C02F0F1F4DC6FD005D0A59 /* Build configuration list for PBXProject "ExperimentTwitter" */ = {
			isa = XCConfigurationList;
			buildConfigurations = (
				38C02F3F1F4DC6FD005D0A59 /* Debug */,
				38C02F401F4DC6FD005D0A59 /* Release */,
			);
			defaultConfigurationIsVisible = 0;
			defaultConfigurationName = Release;
		};
		38C02F411F4DC6FD005D0A59 /* Build configuration list for PBXNativeTarget "ExperimentTwitter" */ = {
			isa = XCConfigurationList;
			buildConfigurations = (
				38C02F421F4DC6FD005D0A59 /* Debug */,
				38C02F431F4DC6FD005D0A59 /* Release */,
			);
			defaultConfigurationIsVisible = 0;
			defaultConfigurationName = Release;
		};
		38C02F441F4DC6FD005D0A59 /* Build configuration list for PBXNativeTarget "ExperimentTwitterTests" */ = {
			isa = XCConfigurationList;
			buildConfigurations = (
				38C02F451F4DC6FD005D0A59 /* Debug */,
				38C02F461F4DC6FD005D0A59 /* Release */,
			);
			defaultConfigurationIsVisible = 0;
			defaultConfigurationName = Release;
		};
		38C02F471F4DC6FD005D0A59 /* Build configuration list for PBXNativeTarget "ExperimentTwitterUITests" */ = {
			isa = XCConfigurationList;
			buildConfigurations = (
				38C02F481F4DC6FD005D0A59 /* Debug */,
				38C02F491F4DC6FD005D0A59 /* Release */,
			);
			defaultConfigurationIsVisible = 0;
			defaultConfigurationName = Release;
		};
/* End XCConfigurationList section */
	};
	rootObject = 38C02F0C1F4DC6FD005D0A59 /* Project object */;
}
